
Microsoft Visual Studio Solution File, Format Version 12.00
# Visual Studio Version 17
VisualStudioVersion = 17.0.32112.339
MinimumVisualStudioVersion = 10.0.40219.1
Project("{FAE04EC0-301F-11D3-BF4B-00C04F79EFBC}") = "DataStructues", "DataStructues\DataStructues.csproj", "{26B89607-22AF-4EAF-A1B5-7207DDD7202A}"
EndProject
Global
	GlobalSection(SolutionConfigurationPlatforms) = preSolution
		Debug|Any CPU = Debug|Any CPU
		Release|Any CPU = Release|Any CPU
	EndGlobalSection
	GlobalSection(ProjectConfigurationPlatforms) = postSolution
		{26B89607-22AF-4EAF-A1B5-7207DDD7202A}.Debug|Any CPU.ActiveCfg = Debug|Any CPU
		{26B89607-22AF-4EAF-A1B5-7207DDD7202A}.Debug|Any CPU.Build.0 = Debug|Any CPU
		{26B89607-22AF-4EAF-A1B5-7207DDD7202A}.Release|Any CPU.ActiveCfg = Release|Any CPU
		{26B89607-22AF-4EAF-A1B5-7207DDD7202A}.Release|Any CPU.Build.0 = Release|Any CPU
	EndGlobalSection
	GlobalSection(SolutionProperties) = preSolution
		HideSolutionNode = FALSE
	EndGlobalSection
	GlobalSection(ExtensibilityGlobals) = postSolution
		SolutionGuid = {F8A56157-C148-4E16-9034-E993270D17B6}
	EndGlobalSection
EndGlobal
